// !$*UTF8*$!
{
	archiveVersion = 1;
	classes = {
	};
	objectVersion = 50;
	objects = {

/* Begin PBXBuildFile section */
		AA253B1623EE0995000EEBE0 /* AppDelegate.swift in Sources */ = {isa = PBXBuildFile; fileRef = AA253B1523EE0995000EEBE0 /* AppDelegate.swift */; };
		AA253B1823EE0995000EEBE0 /* SceneDelegate.swift in Sources */ = {isa = PBXBuildFile; fileRef = AA253B1723EE0995000EEBE0 /* SceneDelegate.swift */; };
		AA253B1B23EE0995000EEBE0 /* IvanVasilievich.xcdatamodeld in Sources */ = {isa = PBXBuildFile; fileRef = AA253B1923EE0995000EEBE0 /* IvanVasilievich.xcdatamodeld */; };
		AA253B1D23EE0995000EEBE0 /* ContentView.swift in Sources */ = {isa = PBXBuildFile; fileRef = AA253B1C23EE0995000EEBE0 /* ContentView.swift */; };
		AA253B1F23EE0998000EEBE0 /* Assets.xcassets in Resources */ = {isa = PBXBuildFile; fileRef = AA253B1E23EE0998000EEBE0 /* Assets.xcassets */; };
		AA253B2223EE0998000EEBE0 /* Preview Assets.xcassets in Resources */ = {isa = PBXBuildFile; fileRef = AA253B2123EE0998000EEBE0 /* Preview Assets.xcassets */; };
		AA253B2523EE0998000EEBE0 /* LaunchScreen.storyboard in Resources */ = {isa = PBXBuildFile; fileRef = AA253B2323EE0998000EEBE0 /* LaunchScreen.storyboard */; };
/* End PBXBuildFile section */

/* Begin PBXFileReference section */
		AA253B1223EE0995000EEBE0 /* IvanVasilievich.app */ = {isa = PBXFileReference; explicitFileType = wrapper.application; includeInIndex = 0; path = IvanVasilievich.app; sourceTree = BUILT_PRODUCTS_DIR; };
		AA253B1523EE0995000EEBE0 /* AppDelegate.swift */ = {isa = PBXFileReference; lastKnownFileType = sourcecode.swift; path = AppDelegate.swift; sourceTree = "<group>"; };
		AA253B1723EE0995000EEBE0 /* SceneDelegate.swift */ = {isa = PBXFileReference; lastKnownFileType = sourcecode.swift; path = SceneDelegate.swift; sourceTree = "<group>"; };
		AA253B1A23EE0995000EEBE0 /* IvanVasilievich.xcdatamodel */ = {isa = PBXFileReference; lastKnownFileType = wrapper.xcdatamodel; path = IvanVasilievich.xcdatamodel; sourceTree = "<group>"; };
		AA253B1C23EE0995000EEBE0 /* ContentView.swift */ = {isa = PBXFileReference; lastKnownFileType = sourcecode.swift; path = ContentView.swift; sourceTree = "<group>"; };
		AA253B1E23EE0998000EEBE0 /* Assets.xcassets */ = {isa = PBXFileReference; lastKnownFileType = folder.assetcatalog; path = Assets.xcassets; sourceTree = "<group>"; };
		AA253B2123EE0998000EEBE0 /* Preview Assets.xcassets */ = {isa = PBXFileReference; lastKnownFileType = folder.assetcatalog; path = "Preview Assets.xcassets"; sourceTree = "<group>"; };
		AA253B2423EE0998000EEBE0 /* Base */ = {isa = PBXFileReference; lastKnownFileType = file.storyboard; name = Base; path = Base.lproj/LaunchScreen.storyboard; sourceTree = "<group>"; };
		AA253B2623EE0998000EEBE0 /* Info.plist */ = {isa = PBXFileReference; lastKnownFileType = text.plist.xml; path = Info.plist; sourceTree = "<group>"; };
/* End PBXFileReference section */

/* Begin PBXFrameworksBuildPhase section */
		AA253B0F23EE0995000EEBE0 /* Frameworks */ = {
			isa = PBXFrameworksBuildPhase;
			buildActionMask = 2147483647;
			files = (
			);
			runOnlyForDeploymentPostprocessing = 0;
		};
/* End PBXFrameworksBuildPhase section */

/* Begin PBXGroup section */
		AA253B0923EE0995000EEBE0 = {
			isa = PBXGroup;
			children = (
				AA253B1423EE0995000EEBE0 /* IvanVasilievich */,
				AA253B1323EE0995000EEBE0 /* Products */,
			);
			sourceTree = "<group>";
		};
		AA253B1323EE0995000EEBE0 /* Products */ = {
			isa = PBXGroup;
			children = (
				AA253B1223EE0995000EEBE0 /* IvanVasilievich.app */,
			);
			name = Products;
			sourceTree = "<group>";
		};
		AA253B1423EE0995000EEBE0 /* IvanVasilievich */ = {
			isa = PBXGroup;
			children = (
				AA253B1523EE0995000EEBE0 /* AppDelegate.swift */,
				AA253B1723EE0995000EEBE0 /* SceneDelegate.swift */,
				AA253B1C23EE0995000EEBE0 /* ContentView.swift */,
				AA253B1E23EE0998000EEBE0 /* Assets.xcassets */,
				AA253B2323EE0998000EEBE0 /* LaunchScreen.storyboard */,
				AA253B2623EE0998000EEBE0 /* Info.plist */,
				AA253B1923EE0995000EEBE0 /* IvanVasilievich.xcdatamodeld */,
				AA253B2023EE0998000EEBE0 /* Preview Content */,
			);
			path = IvanVasilievich;
			sourceTree = "<group>";
		};
		AA253B2023EE0998000EEBE0 /* Preview Content */ = {
			isa = PBXGroup;
			children = (
				AA253B2123EE0998000EEBE0 /* Preview Assets.xcassets */,
			);
			path = "Preview Content";
			sourceTree = "<group>";
		};
/* End PBXGroup section */

/* Begin PBXNativeTarget section */
		AA253B1123EE0995000EEBE0 /* IvanVasilievich */ = {
			isa = PBXNativeTarget;
			buildConfigurationList = AA253B2923EE0998000EEBE0 /* Build configuration list for PBXNativeTarget "IvanVasilievich" */;
			buildPhases = (
				AA253B0E23EE0995000EEBE0 /* Sources */,
				AA253B0F23EE0995000EEBE0 /* Frameworks */,
				AA253B1023EE0995000EEBE0 /* Resources */,
			);
			buildRules = (
			);
			dependencies = (
			);
			name = IvanVasilievich;
			productName = IvanVasilievich;
			productReference = AA253B1223EE0995000EEBE0 /* IvanVasilievich.app */;
			productType = "com.apple.product-type.application";
		};
/* End PBXNativeTarget section */

/* Begin PBXProject section */
		AA253B0A23EE0995000EEBE0 /* Project object */ = {
			isa = PBXProject;
			attributes = {
				LastSwiftUpdateCheck = 1130;
				LastUpgradeCheck = 1130;
				ORGANIZATIONNAME = maxxx;
				TargetAttributes = {
					AA253B1123EE0995000EEBE0 = {
						CreatedOnToolsVersion = 11.3.1;
					};
				};
			};
			buildConfigurationList = AA253B0D23EE0995000EEBE0 /* Build configuration list for PBXProject "IvanVasilievich" */;
			compatibilityVersion = "Xcode 9.3";
			developmentRegion = en;
			hasScannedForEncodings = 0;
			knownRegions = (
				en,
				Base,
			);
			mainGroup = AA253B0923EE0995000EEBE0;
			productRefGroup = AA253B1323EE0995000EEBE0 /* Products */;
			projectDirPath = "";
			projectRoot = "";
			targets = (
				AA253B1123EE0995000EEBE0 /* IvanVasilievich */,
			);
		};
/* End PBXProject section */

/* Begin PBXResourcesBuildPhase section */
		AA253B1023EE0995000EEBE0 /* Resources */ = {
			isa = PBXResourcesBuildPhase;
			buildActionMask = 2147483647;
			files = (
				AA253B2523EE0998000EEBE0 /* LaunchScreen.storyboard in Resources */,
				AA253B2223EE0998000EEBE0 /* Preview Assets.xcassets in Resources */,
				AA253B1F23EE0998000EEBE0 /* Assets.xcassets in Resources */,
			);
			runOnlyForDeploymentPostprocessing = 0;
		};
/* End PBXResourcesBuildPhase section */

/* Begin PBXSourcesBuildPhase section */
		AA253B0E23EE0995000EEBE0 /* Sources */ = {
			isa = PBXSourcesBuildPhase;
			buildActionMask = 2147483647;
			files = (
				AA253B1B23EE0995000EEBE0 /* IvanVasilievich.xcdatamodeld in Sources */,
				AA253B1623EE0995000EEBE0 /* AppDelegate.swift in Sources */,
				AA253B1D23EE0995000EEBE0 /* ContentView.swift in Sources */,
				AA253B1823EE0995000EEBE0 /* SceneDelegate.swift in Sources */,
			);
			runOnlyForDeploymentPostprocessing = 0;
		};
/* End PBXSourcesBuildPhase section */

/* Begin PBXVariantGroup section */
		AA253B2323EE0998000EEBE0 /* LaunchScreen.storyboard */ = {
			isa = PBXVariantGroup;
			children = (
				AA253B2423EE0998000EEBE0 /* Base */,
			);
			name = LaunchScreen.storyboard;
			sourceTree = "<group>";
		};
/* End PBXVariantGroup section */

/* Begin XCBuildConfiguration section */
		AA253B2723EE0998000EEBE0 /* Debug */ = {
			isa = XCBuildConfiguration;
			buildSettings = {
				ALWAYS_SEARCH_USER_PATHS = NO;
				CLANG_ANALYZER_NONNULL = YES;
				CLANG_ANALYZER_NUMBER_OBJECT_CONVERSION = YES_AGGRESSIVE;
				CLANG_CXX_LANGUAGE_STANDARD = "gnu++14";
				CLANG_CXX_LIBRARY = "libc++";
				CLANG_ENABLE_MODULES = YES;
				CLANG_ENABLE_OBJC_ARC = YES;
				CLANG_ENABLE_OBJC_WEAK = YES;
				CLANG_WARN_BLOCK_CAPTURE_AUTORELEASING = YES;
				CLANG_WARN_BOOL_CONVERSION = YES;
				CLANG_WARN_COMMA = YES;
				CLANG_WARN_CONSTANT_CONVERSION = YES;
				CLANG_WARN_DEPRECATED_OBJC_IMPLEMENTATIONS = YES;
				CLANG_WARN_DIRECT_OBJC_ISA_USAGE = YES_ERROR;
				CLANG_WARN_DOCUMENTATION_COMMENTS = YES;
				CLANG_WARN_EMPTY_BODY = YES;
				CLANG_WARN_ENUM_CONVERSION = YES;
				CLANG_WARN_INFINITE_RECURSION = YES;
				CLANG_WARN_INT_CONVERSION = YES;
				CLANG_WARN_NON_LITERAL_NULL_CONVERSION = YES;
				CLANG_WARN_OBJC_IMPLICIT_RETAIN_SELF = YES;
				CLANG_WARN_OBJC_LITERAL_CONVERSION = YES;
				CLANG_WARN_OBJC_ROOT_CLASS = YES_ERROR;
				CLANG_WARN_RANGE_LOOP_ANALYSIS = YES;
				CLANG_WARN_STRICT_PROTOTYPES = YES;
				CLANG_WARN_SUSPICIOUS_MOVE = YES;
				CLANG_WARN_UNGUARDED_AVAILABILITY = YES_AGGRESSIVE;
				CLANG_WARN_UNREACHABLE_CODE = YES;
				CLANG_WARN__DUPLICATE_METHOD_MATCH = YES;
				COPY_PHASE_STRIP = NO;
				DEBUG_INFORMATION_FORMAT = dwarf;
				ENABLE_STRICT_OBJC_MSGSEND = YES;
				ENABLE_TESTABILITY = YES;
				GCC_C_LANGUAGE_STANDARD = gnu11;
				GCC_DYNAMIC_NO_PIC = NO;
				GCC_NO_COMMON_BLOCKS = YES;
				GCC_OPTIMIZATION_LEVEL = 0;
				GCC_PREPROCESSOR_DEFINITIONS = (
					"DEBUG=1",
					"$(inherited)",
				);
				GCC_WARN_64_TO_32_BIT_CONVERSION = YES;
				GCC_WARN_ABOUT_RETURN_TYPE = YES_ERROR;
				GCC_WARN_UNDECLARED_SELECTOR = YES;
				GCC_WARN_UNINITIALIZED_AUTOS = YES_AGGRESSIVE;
				GCC_WARN_UNUSED_FUNCTION = YES;
				GCC_WARN_UNUSED_VARIABLE = YES;
				IPHONEOS_DEPLOYMENT_TARGET = 13.2;
				MTL_ENABLE_DEBUG_INFO = INCLUDE_SOURCE;
				MTL_FAST_MATH = YES;
				ONLY_ACTIVE_ARCH = YES;
				SDKROOT = iphoneos;
				SWIFT_ACTIVE_COMPILATION_CONDITIONS = DEBUG;
				SWIFT_OPTIMIZATION_LEVEL = "-Onone";
			};
			name = Debug;
		};
		AA253B2823EE0998000EEBE0 /* Release */ = {
			isa = XCBuildConfiguration;
			buildSettings = {
				ALWAYS_SEARCH_USER_PATHS = NO;
				CLANG_ANALYZER_NONNULL = YES;
				CLANG_ANALYZER_NUMBER_OBJECT_CONVERSION = YES_AGGRESSIVE;
				CLANG_CXX_LANGUAGE_STANDARD = "gnu++14";
				CLANG_CXX_LIBRARY = "libc++";
				CLANG_ENABLE_MODULES = YES;
				CLANG_ENABLE_OBJC_ARC = YES;
				CLANG_ENABLE_OBJC_WEAK = YES;
				CLANG_WARN_BLOCK_CAPTURE_AUTORELEASING = YES;
				CLANG_WARN_BOOL_CONVERSION = YES;
				CLANG_WARN_COMMA = YES;
				CLANG_WARN_CONSTANT_CONVERSION = YES;
				CLANG_WARN_DEPRECATED_OBJC_IMPLEMENTATIONS = YES;
				CLANG_WARN_DIRECT_OBJC_ISA_USAGE = YES_ERROR;
				CLANG_WARN_DOCUMENTATION_COMMENTS = YES;
				CLANG_WARN_EMPTY_BODY = YES;
				CLANG_WARN_ENUM_CONVERSION = YES;
				CLANG_WARN_INFINITE_RECURSION = YES;
				CLANG_WARN_INT_CONVERSION = YES;
				CLANG_WARN_NON_LITERAL_NULL_CONVERSION = YES;
				CLANG_WARN_OBJC_IMPLICIT_RETAIN_SELF = YES;
				CLANG_WARN_OBJC_LITERAL_CONVERSION = YES;
				CLANG_WARN_OBJC_ROOT_CLASS = YES_ERROR;
				CLANG_WARN_RANGE_LOOP_ANALYSIS = YES;
				CLANG_WARN_STRICT_PROTOTYPES = YES;
				CLANG_WARN_SUSPICIOUS_MOVE = YES;
				CLANG_WARN_UNGUARDED_AVAILABILITY = YES_AGGRESSIVE;
				CLANG_WARN_UNREACHABLE_CODE = YES;
				CLANG_WARN__DUPLICATE_METHOD_MATCH = YES;
				COPY_PHASE_STRIP = NO;
				DEBUG_INFORMATION_FORMAT = "dwarf-with-dsym";
				ENABLE_NS_ASSERTIONS = NO;
				ENABLE_STRICT_OBJC_MSGSEND = YES;
				GCC_C_LANGUAGE_STANDARD = gnu11;
				GCC_NO_COMMON_BLOCKS = YES;
				GCC_WARN_64_TO_32_BIT_CONVERSION = YES;
				GCC_WARN_ABOUT_RETURN_TYPE = YES_ERROR;
				GCC_WARN_UNDECLARED_SELECTOR = YES;
				GCC_WARN_UNINITIALIZED_AUTOS = YES_AGGRESSIVE;
				GCC_WARN_UNUSED_FUNCTION = YES;
				GCC_WARN_UNUSED_VARIABLE = YES;
				IPHONEOS_DEPLOYMENT_TARGET = 13.2;
				MTL_ENABLE_DEBUG_INFO = NO;
				MTL_FAST_MATH = YES;
				SDKROOT = iphoneos;
				SWIFT_COMPILATION_MODE = wholemodule;
				SWIFT_OPTIMIZATION_LEVEL = "-O";
				VALIDATE_PRODUCT = YES;
			};
			name = Release;
		};
		AA253B2A23EE0998000EEBE0 /* Debug */ = {
			isa = XCBuildConfiguration;
			buildSettings = {
				ASSETCATALOG_COMPILER_APPICON_NAME = AppIcon;
				CODE_SIGN_STYLE = Automatic;
				DEVELOPMENT_ASSET_PATHS = "\"IvanVasilievich/Preview Content\"";
				DEVELOPMENT_TEAM = C9UDSCUJ28;
				ENABLE_PREVIEWS = YES;
				INFOPLIST_FILE = IvanVasilievich/Info.plist;
				LD_RUNPATH_SEARCH_PATHS = (
					"$(inherited)",
					"@executable_path/Frameworks",
				);
				PRODUCT_BUNDLE_IDENTIFIER = "test-org.IvanVasilievich";
				PRODUCT_NAME = "$(TARGET_NAME)";
				SWIFT_VERSION = 5.0;
				TARGETED_DEVICE_FAMILY = "1,2";
			};
			name = Debug;
		};
		AA253B2B23EE0998000EEBE0 /* Release */ = {
			isa = XCBuildConfiguration;
			buildSettings = {
				ASSETCATALOG_COMPILER_APPICON_NAME = AppIcon;
				CODE_SIGN_STYLE = Automatic;
				DEVELOPMENT_ASSET_PATHS = "\"IvanVasilievich/Preview Content\"";
				DEVELOPMENT_TEAM = C9UDSCUJ28;
				ENABLE_PREVIEWS = YES;
				INFOPLIST_FILE = IvanVasilievich/Info.plist;
				LD_RUNPATH_SEARCH_PATHS = (
					"$(inherited)",
					"@executable_path/Frameworks",
				);
				PRODUCT_BUNDLE_IDENTIFIER = "test-org.IvanVasilievich";
				PRODUCT_NAME = "$(TARGET_NAME)";
				SWIFT_VERSION = 5.0;
				TARGETED_DEVICE_FAMILY = "1,2";
			};
			name = Release;
		};
/* End XCBuildConfiguration section */

/* Begin XCConfigurationList section */
		AA253B0D23EE0995000EEBE0 /* Build configuration list for PBXProject "IvanVasilievich" */ = {
			isa = XCConfigurationList;
			buildConfigurations = (
				AA253B2723EE0998000EEBE0 /* Debug */,
				AA253B2823EE0998000EEBE0 /* Release */,
			);
			defaultConfigurationIsVisible = 0;
			defaultConfigurationName = Release;
		};
		AA253B2923EE0998000EEBE0 /* Build configuration list for PBXNativeTarget "IvanVasilievich" */ = {
			isa = XCConfigurationList;
			buildConfigurations = (
				AA253B2A23EE0998000EEBE0 /* Debug */,
				AA253B2B23EE0998000EEBE0 /* Release */,
			);
			defaultConfigurationIsVisible = 0;
			defaultConfigurationName = Release;
		};
/* End XCConfigurationList section */

/* Begin XCVersionGroup section */
		AA253B1923EE0995000EEBE0 /* IvanVasilievich.xcdatamodeld */ = {
			isa = XCVersionGroup;
			children = (
				AA253B1A23EE0995000EEBE0 /* IvanVasilievich.xcdatamodel */,
			);
			currentVersion = AA253B1A23EE0995000EEBE0 /* IvanVasilievich.xcdatamodel */;
			path = IvanVasilievich.xcdatamodeld;
			sourceTree = "<group>";
			versionGroupType = wrapper.xcdatamodel;
		};
/* End XCVersionGroup section */
	};
	rootObject = AA253B0A23EE0995000EEBE0 /* Project object */;
}
